{
  "version": 4,
  "terraform_version": "1.0.11",
  "serial": 15,
  "lineage": "04adb6dc-1180-ada1-fd1f-9fb0a2a5da91",
  "outputs": {
    "email": {
      "value": "projects/i-dss-ingest-dev/notificationChannels/14759737885914723611",
      "type": "string"
    }
  },
  "resources": [
    {
      "mode": "data",
      "type": "google_project",
      "name": "project",
      "provider": "provider[\"registry.terraform.io/hashicorp/google\"]",
      "instances": [
        {
          "schema_version": 0,
          "attributes": {
            "auto_create_network": null,
            "billing_account": "005E12-F603B3-C5FC88",
            "folder_id": "5524215871",
            "id": "projects/i-dss-ingest-dev",
            "labels": {},
            "name": "i-dss-ingest-dev",
            "number": "536284887973",
            "org_id": "",
            "project_id": "i-dss-ingest-dev",
            "skip_delete": null
          },
          "sensitive_attributes": []
        }
      ]
    },
    {
      "mode": "data",
      "type": "google_storage_project_service_account",
      "name": "gcs_account",
      "provider": "provider[\"registry.terraform.io/hashicorp/google\"]",
      "instances": [
        {
          "schema_version": 0,
          "attributes": {
            "email_address": "service-536284887973@gs-project-accounts.iam.gserviceaccount.com",
            "id": "service-536284887973@gs-project-accounts.iam.gserviceaccount.com",
            "project": "i-dss-ingest-dev",
            "user_project": null
          },
          "sensitive_attributes": []
        }
      ]
    },
    {
      "mode": "managed",
      "type": "google_monitoring_alert_policy",
      "name": "alert_policy0",
      "provider": "provider[\"registry.terraform.io/hashicorp/google\"]",
      "instances": [
        {
          "schema_version": 0,
          "attributes": {
            "alert_strategy": [
              {
                "auto_close": "604800s",
                "notification_rate_limit": []
              }
            ],
            "combiner": "OR",
            "conditions": [
              {
                "condition_absent": [],
                "condition_matched_log": [],
                "condition_monitoring_query_language": [],
                "condition_threshold": [
                  {
                    "aggregations": [
                      {
                        "alignment_period": "3600s",
                        "cross_series_reducer": "REDUCE_SUM",
                        "group_by_fields": [
                          "resource.label.pod_name"
                        ],
                        "per_series_aligner": "ALIGN_DELTA"
                      }
                    ],
                    "comparison": "COMPARISON_GT",
                    "denominator_aggregations": [],
                    "denominator_filter": "",
                    "duration": "3600s",
                    "filter": "resource.type = \"k8s_container\" AND resource.labels.cluster_name = \"us-central1-iflow-dev-zzk7-93b79581-gke\" AND metric.type = \"kubernetes.io/container/restart_count\"",
                    "threshold_value": 1,
                    "trigger": [
                      {
                        "count": 1,
                        "percent": 0
                      }
                    ]
                  }
                ],
                "display_name": "Restart count for i-dss-ingest-dev",
                "name": "projects/i-dss-ingest-dev/alertPolicies/14263191097386373531/conditions/14263191097386375248"
              }
            ],
            "creation_record": [
              {
                "mutate_time": "2022-03-22T18:58:14.756296291Z",
                "mutated_by": "restricted-devops@i-dss-infrastructure-prod.iam.gserviceaccount.com"
              }
            ],
            "display_name": "Airflow-Worker-Restart",
            "documentation": [
              {
                "content": "The load balancer rule ${condition.display_name} has generated this alert for the ${metric.display_name}.",
                "mime_type": "text/markdown"
              }
            ],
            "enabled": true,
            "id": "projects/i-dss-ingest-dev/alertPolicies/14263191097386373531",
            "name": "projects/i-dss-ingest-dev/alertPolicies/14263191097386373531",
            "notification_channels": [
              "projects/i-dss-ingest-dev/notificationChannels/14759737885914723611"
            ],
            "project": "i-dss-ingest-dev",
            "timeouts": null,
            "user_labels": {}
          },
          "sensitive_attributes": [],
          "private": "eyJlMmJmYjczMC1lY2FhLTExZTYtOGY4OC0zNDM2M2JjN2M0YzAiOnsiY3JlYXRlIjoxMjAwMDAwMDAwMDAwLCJkZWxldGUiOjEyMDAwMDAwMDAwMDAsInVwZGF0ZSI6MTIwMDAwMDAwMDAwMH19",
          "dependencies": [
            "google_monitoring_notification_channel.email0"
          ]
        }
      ]
    },
    {
      "mode": "managed",
      "type": "google_monitoring_notification_channel",
      "name": "email0",
      "provider": "provider[\"registry.terraform.io/hashicorp/google\"]",
      "instances": [
        {
          "schema_version": 0,
          "attributes": {
            "description": "",
            "display_name": "Hugo Blanco",
            "enabled": true,
            "id": "projects/i-dss-ingest-dev/notificationChannels/14759737885914723611",
            "labels": {
              "email_address": "hugo.blanco@cbsinteractive.com"
            },
            "name": "projects/i-dss-ingest-dev/notificationChannels/14759737885914723611",
            "project": "i-dss-ingest-dev",
            "sensitive_labels": [],
            "timeouts": null,
            "type": "email",
            "user_labels": {},
            "verification_status": ""
          },
          "sensitive_attributes": [],
          "private": "eyJlMmJmYjczMC1lY2FhLTExZTYtOGY4OC0zNDM2M2JjN2M0YzAiOnsiY3JlYXRlIjoxMjAwMDAwMDAwMDAwLCJkZWxldGUiOjEyMDAwMDAwMDAwMDAsInVwZGF0ZSI6MTIwMDAwMDAwMDAwMH19"
        }
      ]
    }
  ]
}
